
Microsoft Visual Studio Solution File, Format Version 12.00
# Visual Studio 15
VisualStudioVersion = 15.0.27130.2036
MinimumVisualStudioVersion = 10.0.40219.1
Project("{FAE04EC0-301F-11D3-BF4B-00C04F79EFBC}") = "PlayDarts", "PlayDarts.csproj", "{2B98C90D-3639-4BDE-846B-7E236CE7F8A5}"
EndProject
Global
	GlobalSection(SolutionConfigurationPlatforms) = preSolution
		Debug|Any CPU = Debug|Any CPU
		Release|Any CPU = Release|Any CPU
	EndGlobalSection
	GlobalSection(ProjectConfigurationPlatforms) = postSolution
		{2B98C90D-3639-4BDE-846B-7E236CE7F8A5}.Debug|Any CPU.ActiveCfg = Debug|Any CPU
		{2B98C90D-3639-4BDE-846B-7E236CE7F8A5}.Debug|Any CPU.Build.0 = Debug|Any CPU
		{2B98C90D-3639-4BDE-846B-7E236CE7F8A5}.Release|Any CPU.ActiveCfg = Release|Any CPU
		{2B98C90D-3639-4BDE-846B-7E236CE7F8A5}.Release|Any CPU.Build.0 = Release|Any CPU
	EndGlobalSection
	GlobalSection(SolutionProperties) = preSolution
		HideSolutionNode = FALSE
	EndGlobalSection
	GlobalSection(ExtensibilityGlobals) = postSolution
		SolutionGuid = {0369C6F0-AF81-4170-A82D-98498EE62F0B}
	EndGlobalSection
EndGlobal
